// !$*UTF8*$!
{
	archiveVersion = 1;
	classes = {
	};
	objectVersion = 46;
	objects = {

/* Begin PBXBuildFile section */
		B7AD1DFE1F16065400572B21 /* main.m in Sources */ = {isa = PBXBuildFile; fileRef = B7AD1DFD1F16065400572B21 /* main.m */; };
		B7AD1E011F16065400572B21 /* AppDelegate.m in Sources */ = {isa = PBXBuildFile; fileRef = B7AD1E001F16065400572B21 /* AppDelegate.m */; };
		B7AD1E041F16065400572B21 /* ViewController.m in Sources */ = {isa = PBXBuildFile; fileRef = B7AD1E031F16065400572B21 /* ViewController.m */; };
		B7AD1E071F16065400572B21 /* Main.storyboard in Resources */ = {isa = PBXBuildFile; fileRef = B7AD1E051F16065400572B21 /* Main.storyboard */; };
		B7AD1E091F16065400572B21 /* Assets.xcassets in Resources */ = {isa = PBXBuildFile; fileRef = B7AD1E081F16065400572B21 /* Assets.xcassets */; };
		B7AD1E0C1F16065400572B21 /* LaunchScreen.storyboard in Resources */ = {isa = PBXBuildFile; fileRef = B7AD1E0A1F16065400572B21 /* LaunchScreen.storyboard */; };
		B7AD1E171F16065400572B21 /* Yochi_OriginalProjectTests.m in Sources */ = {isa = PBXBuildFile; fileRef = B7AD1E161F16065400572B21 /* Yochi_OriginalProjectTests.m */; };
		B7AD1E241F16074B00572B21 /* MathCalculation.m in Sources */ = {isa = PBXBuildFile; fileRef = B7AD1E231F16074B00572B21 /* MathCalculation.m */; };
		B7AD1E271F1607C700572B21 /* LoaderProgressView.m in Sources */ = {isa = PBXBuildFile; fileRef = B7AD1E261F1607C700572B21 /* LoaderProgressView.m */; };
/* End PBXBuildFile section */

/* Begin PBXContainerItemProxy section */
		B7AD1E131F16065400572B21 /* PBXContainerItemProxy */ = {
			isa = PBXContainerItemProxy;
			containerPortal = B7AD1DF11F16065400572B21 /* Project object */;
			proxyType = 1;
			remoteGlobalIDString = B7AD1DF81F16065400572B21;
			remoteInfo = Yochi_OriginalProject;
		};
/* End PBXContainerItemProxy section */

/* Begin PBXFileReference section */
		B7AD1DF91F16065400572B21 /* Yochi_OriginalProject.app */ = {isa = PBXFileReference; explicitFileType = wrapper.application; includeInIndex = 0; path = Yochi_OriginalProject.app; sourceTree = BUILT_PRODUCTS_DIR; };
		B7AD1DFD1F16065400572B21 /* main.m */ = {isa = PBXFileReference; lastKnownFileType = sourcecode.c.objc; path = main.m; sourceTree = "<group>"; };
		B7AD1DFF1F16065400572B21 /* AppDelegate.h */ = {isa = PBXFileReference; lastKnownFileType = sourcecode.c.h; path = AppDelegate.h; sourceTree = "<group>"; };
		B7AD1E001F16065400572B21 /* AppDelegate.m */ = {isa = PBXFileReference; lastKnownFileType = sourcecode.c.objc; path = AppDelegate.m; sourceTree = "<group>"; };
		B7AD1E021F16065400572B21 /* ViewController.h */ = {isa = PBXFileReference; lastKnownFileType = sourcecode.c.h; path = ViewController.h; sourceTree = "<group>"; };
		B7AD1E031F16065400572B21 /* ViewController.m */ = {isa = PBXFileReference; lastKnownFileType = sourcecode.c.objc; path = ViewController.m; sourceTree = "<group>"; };
		B7AD1E061F16065400572B21 /* Base */ = {isa = PBXFileReference; lastKnownFileType = file.storyboard; name = Base; path = Base.lproj/Main.storyboard; sourceTree = "<group>"; };
		B7AD1E081F16065400572B21 /* Assets.xcassets */ = {isa = PBXFileReference; lastKnownFileType = folder.assetcatalog; path = Assets.xcassets; sourceTree = "<group>"; };
		B7AD1E0B1F16065400572B21 /* Base */ = {isa = PBXFileReference; lastKnownFileType = file.storyboard; name = Base; path = Base.lproj/LaunchScreen.storyboard; sourceTree = "<group>"; };
		B7AD1E0D1F16065400572B21 /* Info.plist */ = {isa = PBXFileReference; lastKnownFileType = text.plist.xml; path = Info.plist; sourceTree = "<group>"; };
		B7AD1E121F16065400572B21 /* Yochi_OriginalProjectTests.xctest */ = {isa = PBXFileReference; explicitFileType = wrapper.cfbundle; includeInIndex = 0; path = Yochi_OriginalProjectTests.xctest; sourceTree = BUILT_PRODUCTS_DIR; };
		B7AD1E161F16065400572B21 /* Yochi_OriginalProjectTests.m */ = {isa = PBXFileReference; lastKnownFileType = sourcecode.c.objc; path = Yochi_OriginalProjectTests.m; sourceTree = "<group>"; };
		B7AD1E181F16065400572B21 /* Info.plist */ = {isa = PBXFileReference; lastKnownFileType = text.plist.xml; path = Info.plist; sourceTree = "<group>"; };
		B7AD1E221F16074B00572B21 /* MathCalculation.h */ = {isa = PBXFileReference; fileEncoding = 4; lastKnownFileType = sourcecode.c.h; path = MathCalculation.h; sourceTree = "<group>"; };
		B7AD1E231F16074B00572B21 /* MathCalculation.m */ = {isa = PBXFileReference; fileEncoding = 4; lastKnownFileType = sourcecode.c.objc; path = MathCalculation.m; sourceTree = "<group>"; };
		B7AD1E251F1607C700572B21 /* LoaderProgressView.h */ = {isa = PBXFileReference; fileEncoding = 4; lastKnownFileType = sourcecode.c.h; path = LoaderProgressView.h; sourceTree = "<group>"; };
		B7AD1E261F1607C700572B21 /* LoaderProgressView.m */ = {isa = PBXFileReference; fileEncoding = 4; lastKnownFileType = sourcecode.c.objc; path = LoaderProgressView.m; sourceTree = "<group>"; };
/* End PBXFileReference section */

/* Begin PBXFrameworksBuildPhase section */
		B7AD1DF61F16065400572B21 /* Frameworks */ = {
			isa = PBXFrameworksBuildPhase;
			buildActionMask = 2147483647;
			files = (
			);
			runOnlyForDeploymentPostprocessing = 0;
		};
		B7AD1E0F1F16065400572B21 /* Frameworks */ = {
			isa = PBXFrameworksBuildPhase;
			buildActionMask = 2147483647;
			files = (
			);
			runOnlyForDeploymentPostprocessing = 0;
		};
/* End PBXFrameworksBuildPhase section */

/* Begin PBXGroup section */
		B7AD1DF01F16065400572B21 = {
			isa = PBXGroup;
			children = (
				B7AD1DFB1F16065400572B21 /* Yochi_OriginalProject */,
				B7AD1E151F16065400572B21 /* Yochi_OriginalProjectTests */,
				B7AD1DFA1F16065400572B21 /* Products */,
			);
			sourceTree = "<group>";
		};
		B7AD1DFA1F16065400572B21 /* Products */ = {
			isa = PBXGroup;
			children = (
				B7AD1DF91F16065400572B21 /* Yochi_OriginalProject.app */,
				B7AD1E121F16065400572B21 /* Yochi_OriginalProjectTests.xctest */,
			);
			name = Products;
			sourceTree = "<group>";
		};
		B7AD1DFB1F16065400572B21 /* Yochi_OriginalProject */ = {
			isa = PBXGroup;
			children = (
				B7AD1E211F1606A400572B21 /* template */,
				B7AD1DFF1F16065400572B21 /* AppDelegate.h */,
				B7AD1E001F16065400572B21 /* AppDelegate.m */,
				B7AD1E021F16065400572B21 /* ViewController.h */,
				B7AD1E031F16065400572B21 /* ViewController.m */,
				B7AD1E051F16065400572B21 /* Main.storyboard */,
				B7AD1E081F16065400572B21 /* Assets.xcassets */,
				B7AD1E0A1F16065400572B21 /* LaunchScreen.storyboard */,
				B7AD1E0D1F16065400572B21 /* Info.plist */,
				B7AD1DFC1F16065400572B21 /* Supporting Files */,
			);
			path = Yochi_OriginalProject;
			sourceTree = "<group>";
		};
		B7AD1DFC1F16065400572B21 /* Supporting Files */ = {
			isa = PBXGroup;
			children = (
				B7AD1DFD1F16065400572B21 /* main.m */,
			);
			name = "Supporting Files";
			sourceTree = "<group>";
		};
		B7AD1E151F16065400572B21 /* Yochi_OriginalProjectTests */ = {
			isa = PBXGroup;
			children = (
				B7AD1E161F16065400572B21 /* Yochi_OriginalProjectTests.m */,
				B7AD1E181F16065400572B21 /* Info.plist */,
			);
			path = Yochi_OriginalProjectTests;
			sourceTree = "<group>";
		};
		B7AD1E211F1606A400572B21 /* template */ = {
			isa = PBXGroup;
			children = (
				B7AD1E221F16074B00572B21 /* MathCalculation.h */,
				B7AD1E231F16074B00572B21 /* MathCalculation.m */,
				B7AD1E251F1607C700572B21 /* LoaderProgressView.h */,
				B7AD1E261F1607C700572B21 /* LoaderProgressView.m */,
			);
			path = template;
			sourceTree = "<group>";
		};
/* End PBXGroup section */

/* Begin PBXNativeTarget section */
		B7AD1DF81F16065400572B21 /* Yochi_OriginalProject */ = {
			isa = PBXNativeTarget;
			buildConfigurationList = B7AD1E1B1F16065400572B21 /* Build configuration list for PBXNativeTarget "Yochi_OriginalProject" */;
			buildPhases = (
				B7AD1DF51F16065400572B21 /* Sources */,
				B7AD1DF61F16065400572B21 /* Frameworks */,
				B7AD1DF71F16065400572B21 /* Resources */,
			);
			buildRules = (
			);
			dependencies = (
			);
			name = Yochi_OriginalProject;
			productName = Yochi_OriginalProject;
			productReference = B7AD1DF91F16065400572B21 /* Yochi_OriginalProject.app */;
			productType = "com.apple.product-type.application";
		};
		B7AD1E111F16065400572B21 /* Yochi_OriginalProjectTests */ = {
			isa = PBXNativeTarget;
			buildConfigurationList = B7AD1E1E1F16065400572B21 /* Build configuration list for PBXNativeTarget "Yochi_OriginalProjectTests" */;
			buildPhases = (
				B7AD1E0E1F16065400572B21 /* Sources */,
				B7AD1E0F1F16065400572B21 /* Frameworks */,
				B7AD1E101F16065400572B21 /* Resources */,
			);
			buildRules = (
			);
			dependencies = (
				B7AD1E141F16065400572B21 /* PBXTargetDependency */,
			);
			name = Yochi_OriginalProjectTests;
			productName = Yochi_OriginalProjectTests;
			productReference = B7AD1E121F16065400572B21 /* Yochi_OriginalProjectTests.xctest */;
			productType = "com.apple.product-type.bundle.unit-test";
		};
/* End PBXNativeTarget section */

/* Begin PBXProject section */
		B7AD1DF11F16065400572B21 /* Project object */ = {
			isa = PBXProject;
			attributes = {
				LastUpgradeCheck = 0830;
				ORGANIZATIONNAME = gongyouqiang;
				TargetAttributes = {
					B7AD1DF81F16065400572B21 = {
						CreatedOnToolsVersion = 8.3.3;
						DevelopmentTeam = C7U5N4698Q;
						ProvisioningStyle = Manual;
					};
					B7AD1E111F16065400572B21 = {
						CreatedOnToolsVersion = 8.3.3;
						DevelopmentTeam = 229U5KUWGH;
						ProvisioningStyle = Automatic;
						TestTargetID = B7AD1DF81F16065400572B21;
					};
				};
			};
			buildConfigurationList = B7AD1DF41F16065400572B21 /* Build configuration list for PBXProject "Yochi_OriginalProject" */;
			compatibilityVersion = "Xcode 3.2";
			developmentRegion = English;
			hasScannedForEncodings = 0;
			knownRegions = (
				en,
				Base,
			);
			mainGroup = B7AD1DF01F16065400572B21;
			productRefGroup = B7AD1DFA1F16065400572B21 /* Products */;
			projectDirPath = "";
			projectRoot = "";
			targets = (
				B7AD1DF81F16065400572B21 /* Yochi_OriginalProject */,
				B7AD1E111F16065400572B21 /* Yochi_OriginalProjectTests */,
			);
		};
/* End PBXProject section */

/* Begin PBXResourcesBuildPhase section */
		B7AD1DF71F16065400572B21 /* Resources */ = {
			isa = PBXResourcesBuildPhase;
			buildActionMask = 2147483647;
			files = (
				B7AD1E0C1F16065400572B21 /* LaunchScreen.storyboard in Resources */,
				B7AD1E091F16065400572B21 /* Assets.xcassets in Resources */,
				B7AD1E071F16065400572B21 /* Main.storyboard in Resources */,
			);
			runOnlyForDeploymentPostprocessing = 0;
		};
		B7AD1E101F16065400572B21 /* Resources */ = {
			isa = PBXResourcesBuildPhase;
			buildActionMask = 2147483647;
			files = (
			);
			runOnlyForDeploymentPostprocessing = 0;
		};
/* End PBXResourcesBuildPhase section */

/* Begin PBXSourcesBuildPhase section */
		B7AD1DF51F16065400572B21 /* Sources */ = {
			isa = PBXSourcesBuildPhase;
			buildActionMask = 2147483647;
			files = (
				B7AD1E271F1607C700572B21 /* LoaderProgressView.m in Sources */,
				B7AD1E041F16065400572B21 /* ViewController.m in Sources */,
				B7AD1E241F16074B00572B21 /* MathCalculation.m in Sources */,
				B7AD1E011F16065400572B21 /* AppDelegate.m in Sources */,
				B7AD1DFE1F16065400572B21 /* main.m in Sources */,
			);
			runOnlyForDeploymentPostprocessing = 0;
		};
		B7AD1E0E1F16065400572B21 /* Sources */ = {
			isa = PBXSourcesBuildPhase;
			buildActionMask = 2147483647;
			files = (
				B7AD1E171F16065400572B21 /* Yochi_OriginalProjectTests.m in Sources */,
			);
			runOnlyForDeploymentPostprocessing = 0;
		};
/* End PBXSourcesBuildPhase section */

/* Begin PBXTargetDependency section */
		B7AD1E141F16065400572B21 /* PBXTargetDependency */ = {
			isa = PBXTargetDependency;
			target = B7AD1DF81F16065400572B21 /* Yochi_OriginalProject */;
			targetProxy = B7AD1E131F16065400572B21 /* PBXContainerItemProxy */;
		};
/* End PBXTargetDependency section */

/* Begin PBXVariantGroup section */
		B7AD1E051F16065400572B21 /* Main.storyboard */ = {
			isa = PBXVariantGroup;
			children = (
				B7AD1E061F16065400572B21 /* Base */,
			);
			name = Main.storyboard;
			sourceTree = "<group>";
		};
		B7AD1E0A1F16065400572B21 /* LaunchScreen.storyboard */ = {
			isa = PBXVariantGroup;
			children = (
				B7AD1E0B1F16065400572B21 /* Base */,
			);
			name = LaunchScreen.storyboard;
			sourceTree = "<group>";
		};
/* End PBXVariantGroup section */

/* Begin XCBuildConfiguration section */
		B7AD1E191F16065400572B21 /* Debug */ = {
			isa = XCBuildConfiguration;
			buildSettings = {
				ALWAYS_SEARCH_USER_PATHS = NO;
				CLANG_ANALYZER_NONNULL = YES;
				CLANG_ANALYZER_NUMBER_OBJECT_CONVERSION = YES_AGGRESSIVE;
				CLANG_CXX_LANGUAGE_STANDARD = "gnu++0x";
				CLANG_CXX_LIBRARY = "libc++";
				CLANG_ENABLE_MODULES = YES;
				CLANG_ENABLE_OBJC_ARC = YES;
				CLANG_WARN_BOOL_CONVERSION = YES;
				CLANG_WARN_CONSTANT_CONVERSION = YES;
				CLANG_WARN_DIRECT_OBJC_ISA_USAGE = YES_ERROR;
				CLANG_WARN_DOCUMENTATION_COMMENTS = YES;
				CLANG_WARN_EMPTY_BODY = YES;
				CLANG_WARN_ENUM_CONVERSION = YES;
				CLANG_WARN_INFINITE_RECURSION = YES;
				CLANG_WARN_INT_CONVERSION = YES;
				CLANG_WARN_OBJC_ROOT_CLASS = YES_ERROR;
				CLANG_WARN_SUSPICIOUS_MOVE = YES;
				CLANG_WARN_UNREACHABLE_CODE = YES;
				CLANG_WARN__DUPLICATE_METHOD_MATCH = YES;
				"CODE_SIGN_IDENTITY[sdk=iphoneos*]" = "iPhone Developer";
				COPY_PHASE_STRIP = NO;
				DEBUG_INFORMATION_FORMAT = dwarf;
				ENABLE_STRICT_OBJC_MSGSEND = YES;
				ENABLE_TESTABILITY = YES;
				GCC_C_LANGUAGE_STANDARD = gnu99;
				GCC_DYNAMIC_NO_PIC = NO;
				GCC_NO_COMMON_BLOCKS = YES;
				GCC_OPTIMIZATION_LEVEL = 0;
				GCC_PREPROCESSOR_DEFINITIONS = (
					"DEBUG=1",
					"$(inherited)",
				);
				GCC_WARN_64_TO_32_BIT_CONVERSION = YES;
				GCC_WARN_ABOUT_RETURN_TYPE = YES_ERROR;
				GCC_WARN_UNDECLARED_SELECTOR = YES;
				GCC_WARN_UNINITIALIZED_AUTOS = YES_AGGRESSIVE;
				GCC_WARN_UNUSED_FUNCTION = YES;
				GCC_WARN_UNUSED_VARIABLE = YES;
				IPHONEOS_DEPLOYMENT_TARGET = 10.3;
				MTL_ENABLE_DEBUG_INFO = YES;
				ONLY_ACTIVE_ARCH = YES;
				SDKROOT = iphoneos;
				TARGETED_DEVICE_FAMILY = "1,2";
			};
			name = Debug;
		};
		B7AD1E1A1F16065400572B21 /* Release */ = {
			isa = XCBuildConfiguration;
			buildSettings = {
				ALWAYS_SEARCH_USER_PATHS = NO;
				CLANG_ANALYZER_NONNULL = YES;
				CLANG_ANALYZER_NUMBER_OBJECT_CONVERSION = YES_AGGRESSIVE;
				CLANG_CXX_LANGUAGE_STANDARD = "gnu++0x";
				CLANG_CXX_LIBRARY = "libc++";
				CLANG_ENABLE_MODULES = YES;
				CLANG_ENABLE_OBJC_ARC = YES;
				CLANG_WARN_BOOL_CONVERSION = YES;
				CLANG_WARN_CONSTANT_CONVERSION = YES;
				CLANG_WARN_DIRECT_OBJC_ISA_USAGE = YES_ERROR;
				CLANG_WARN_DOCUMENTATION_COMMENTS = YES;
				CLANG_WARN_EMPTY_BODY = YES;
				CLANG_WARN_ENUM_CONVERSION = YES;
				CLANG_WARN_INFINITE_RECURSION = YES;
				CLANG_WARN_INT_CONVERSION = YES;
				CLANG_WARN_OBJC_ROOT_CLASS = YES_ERROR;
				CLANG_WARN_SUSPICIOUS_MOVE = YES;
				CLANG_WARN_UNREACHABLE_CODE = YES;
				CLANG_WARN__DUPLICATE_METHOD_MATCH = YES;
				"CODE_SIGN_IDENTITY[sdk=iphoneos*]" = "iPhone Developer";
				COPY_PHASE_STRIP = NO;
				DEBUG_INFORMATION_FORMAT = "dwarf-with-dsym";
				ENABLE_NS_ASSERTIONS = NO;
				ENABLE_STRICT_OBJC_MSGSEND = YES;
				GCC_C_LANGUAGE_STANDARD = gnu99;
				GCC_NO_COMMON_BLOCKS = YES;
				GCC_WARN_64_TO_32_BIT_CONVERSION = YES;
				GCC_WARN_ABOUT_RETURN_TYPE = YES_ERROR;
				GCC_WARN_UNDECLARED_SELECTOR = YES;
				GCC_WARN_UNINITIALIZED_AUTOS = YES_AGGRESSIVE;
				GCC_WARN_UNUSED_FUNCTION = YES;
				GCC_WARN_UNUSED_VARIABLE = YES;
				IPHONEOS_DEPLOYMENT_TARGET = 10.3;
				MTL_ENABLE_DEBUG_INFO = NO;
				SDKROOT = iphoneos;
				TARGETED_DEVICE_FAMILY = "1,2";
				VALIDATE_PRODUCT = YES;
			};
			name = Release;
		};
		B7AD1E1C1F16065400572B21 /* Debug */ = {
			isa = XCBuildConfiguration;
			buildSettings = {
				ASSETCATALOG_COMPILER_APPICON_NAME = AppIcon;
				DEVELOPMENT_TEAM = C7U5N4698Q;
				INFOPLIST_FILE = Yochi_OriginalProject/Info.plist;
				LD_RUNPATH_SEARCH_PATHS = "$(inherited) @executable_path/Frameworks";
				PRODUCT_BUNDLE_IDENTIFIER = "com.Yochi.Yochi-OriginalProject";
				PRODUCT_NAME = "$(TARGET_NAME)";
				PROVISIONING_PROFILE = "54cbad4b-ca5d-46fd-bec4-9bae7e94ffd4";
				PROVISIONING_PROFILE_SPECIFIER = EcarayDebug;
			};
			name = Debug;
		};
		B7AD1E1D1F16065400572B21 /* Release */ = {
			isa = XCBuildConfiguration;
			buildSettings = {
				ASSETCATALOG_COMPILER_APPICON_NAME = AppIcon;
				DEVELOPMENT_TEAM = "";
				INFOPLIST_FILE = Yochi_OriginalProject/Info.plist;
				LD_RUNPATH_SEARCH_PATHS = "$(inherited) @executable_path/Frameworks";
				PRODUCT_BUNDLE_IDENTIFIER = "com.Yochi.Yochi-OriginalProject";
				PRODUCT_NAME = "$(TARGET_NAME)";
				PROVISIONING_PROFILE_SPECIFIER = "";
			};
			name = Release;
		};
		B7AD1E1F1F16065400572B21 /* Debug */ = {
			isa = XCBuildConfiguration;
			buildSettings = {
				BUNDLE_LOADER = "$(TEST_HOST)";
				DEVELOPMENT_TEAM = 229U5KUWGH;
				INFOPLIST_FILE = Yochi_OriginalProjectTests/Info.plist;
				LD_RUNPATH_SEARCH_PATHS = "$(inherited) @executable_path/Frameworks @loader_path/Frameworks";
				PRODUCT_BUNDLE_IDENTIFIER = "com.Yochi.Yochi-OriginalProjectTests";
				PRODUCT_NAME = "$(TARGET_NAME)";
				TEST_HOST = "$(BUILT_PRODUCTS_DIR)/Yochi_OriginalProject.app/Yochi_OriginalProject";
			};
			name = Debug;
		};
		B7AD1E201F16065400572B21 /* Release */ = {
			isa = XCBuildConfiguration;
			buildSettings = {
				BUNDLE_LOADER = "$(TEST_HOST)";
				DEVELOPMENT_TEAM = 229U5KUWGH;
				INFOPLIST_FILE = Yochi_OriginalProjectTests/Info.plist;
				LD_RUNPATH_SEARCH_PATHS = "$(inherited) @executable_path/Frameworks @loader_path/Frameworks";
				PRODUCT_BUNDLE_IDENTIFIER = "com.Yochi.Yochi-OriginalProjectTests";
				PRODUCT_NAME = "$(TARGET_NAME)";
				TEST_HOST = "$(BUILT_PRODUCTS_DIR)/Yochi_OriginalProject.app/Yochi_OriginalProject";
			};
			name = Release;
		};
/* End XCBuildConfiguration section */

/* Begin XCConfigurationList section */
		B7AD1DF41F16065400572B21 /* Build configuration list for PBXProject "Yochi_OriginalProject" */ = {
			isa = XCConfigurationList;
			buildConfigurations = (
				B7AD1E191F16065400572B21 /* Debug */,
				B7AD1E1A1F16065400572B21 /* Release */,
			);
			defaultConfigurationIsVisible = 0;
			defaultConfigurationName = Release;
		};
		B7AD1E1B1F16065400572B21 /* Build configuration list for PBXNativeTarget "Yochi_OriginalProject" */ = {
			isa = XCConfigurationList;
			buildConfigurations = (
				B7AD1E1C1F16065400572B21 /* Debug */,
				B7AD1E1D1F16065400572B21 /* Release */,
			);
			defaultConfigurationIsVisible = 0;
		};
		B7AD1E1E1F16065400572B21 /* Build configuration list for PBXNativeTarget "Yochi_OriginalProjectTests" */ = {
			isa = XCConfigurationList;
			buildConfigurations = (
				B7AD1E1F1F16065400572B21 /* Debug */,
				B7AD1E201F16065400572B21 /* Release */,
			);
			defaultConfigurationIsVisible = 0;
		};
/* End XCConfigurationList section */
	};
	rootObject = B7AD1DF11F16065400572B21 /* Project object */;
}
