// !$*UTF8*$!
{
	archiveVersion = 1;
	classes = {
	};
	objectVersion = 46;
	objects = {

/* Begin PBXBuildFile section */
		B71D3BED1F1E143A007EC4D8 /* AppDelegate.swift in Sources */ = {isa = PBXBuildFile; fileRef = B71D3BEC1F1E143A007EC4D8 /* AppDelegate.swift */; };
		B71D3BEF1F1E143A007EC4D8 /* ViewController.swift in Sources */ = {isa = PBXBuildFile; fileRef = B71D3BEE1F1E143A007EC4D8 /* ViewController.swift */; };
		B71D3BF21F1E143A007EC4D8 /* Main.storyboard in Resources */ = {isa = PBXBuildFile; fileRef = B71D3BF01F1E143A007EC4D8 /* Main.storyboard */; };
		B71D3BF41F1E143B007EC4D8 /* Assets.xcassets in Resources */ = {isa = PBXBuildFile; fileRef = B71D3BF31F1E143B007EC4D8 /* Assets.xcassets */; };
		B71D3BF71F1E143B007EC4D8 /* LaunchScreen.storyboard in Resources */ = {isa = PBXBuildFile; fileRef = B71D3BF51F1E143B007EC4D8 /* LaunchScreen.storyboard */; };
		B71D3C021F1E143B007EC4D8 /* ValidationProjectTests.swift in Sources */ = {isa = PBXBuildFile; fileRef = B71D3C011F1E143B007EC4D8 /* ValidationProjectTests.swift */; };
/* End PBXBuildFile section */

/* Begin PBXContainerItemProxy section */
		B71D3BFE1F1E143B007EC4D8 /* PBXContainerItemProxy */ = {
			isa = PBXContainerItemProxy;
			containerPortal = B71D3BE11F1E143A007EC4D8 /* Project object */;
			proxyType = 1;
			remoteGlobalIDString = B71D3BE81F1E143A007EC4D8;
			remoteInfo = ValidationProject;
		};
/* End PBXContainerItemProxy section */

/* Begin PBXFileReference section */
		B71D3BE91F1E143A007EC4D8 /* ValidationProject.app */ = {isa = PBXFileReference; explicitFileType = wrapper.application; includeInIndex = 0; path = ValidationProject.app; sourceTree = BUILT_PRODUCTS_DIR; };
		B71D3BEC1F1E143A007EC4D8 /* AppDelegate.swift */ = {isa = PBXFileReference; lastKnownFileType = sourcecode.swift; path = AppDelegate.swift; sourceTree = "<group>"; };
		B71D3BEE1F1E143A007EC4D8 /* ViewController.swift */ = {isa = PBXFileReference; lastKnownFileType = sourcecode.swift; path = ViewController.swift; sourceTree = "<group>"; };
		B71D3BF11F1E143A007EC4D8 /* Base */ = {isa = PBXFileReference; lastKnownFileType = file.storyboard; name = Base; path = Base.lproj/Main.storyboard; sourceTree = "<group>"; };
		B71D3BF31F1E143B007EC4D8 /* Assets.xcassets */ = {isa = PBXFileReference; lastKnownFileType = folder.assetcatalog; path = Assets.xcassets; sourceTree = "<group>"; };
		B71D3BF61F1E143B007EC4D8 /* Base */ = {isa = PBXFileReference; lastKnownFileType = file.storyboard; name = Base; path = Base.lproj/LaunchScreen.storyboard; sourceTree = "<group>"; };
		B71D3BF81F1E143B007EC4D8 /* Info.plist */ = {isa = PBXFileReference; lastKnownFileType = text.plist.xml; path = Info.plist; sourceTree = "<group>"; };
		B71D3BFD1F1E143B007EC4D8 /* ValidationProjectTests.xctest */ = {isa = PBXFileReference; explicitFileType = wrapper.cfbundle; includeInIndex = 0; path = ValidationProjectTests.xctest; sourceTree = BUILT_PRODUCTS_DIR; };
		B71D3C011F1E143B007EC4D8 /* ValidationProjectTests.swift */ = {isa = PBXFileReference; lastKnownFileType = sourcecode.swift; path = ValidationProjectTests.swift; sourceTree = "<group>"; };
		B71D3C031F1E143B007EC4D8 /* Info.plist */ = {isa = PBXFileReference; lastKnownFileType = text.plist.xml; path = Info.plist; sourceTree = "<group>"; };
/* End PBXFileReference section */

/* Begin PBXFrameworksBuildPhase section */
		B71D3BE61F1E143A007EC4D8 /* Frameworks */ = {
			isa = PBXFrameworksBuildPhase;
			buildActionMask = 2147483647;
			files = (
			);
			runOnlyForDeploymentPostprocessing = 0;
		};
		B71D3BFA1F1E143B007EC4D8 /* Frameworks */ = {
			isa = PBXFrameworksBuildPhase;
			buildActionMask = 2147483647;
			files = (
			);
			runOnlyForDeploymentPostprocessing = 0;
		};
/* End PBXFrameworksBuildPhase section */

/* Begin PBXGroup section */
		B71D3BE01F1E143A007EC4D8 = {
			isa = PBXGroup;
			children = (
				B71D3BEB1F1E143A007EC4D8 /* ValidationProject */,
				B71D3C001F1E143B007EC4D8 /* ValidationProjectTests */,
				B71D3BEA1F1E143A007EC4D8 /* Products */,
			);
			sourceTree = "<group>";
		};
		B71D3BEA1F1E143A007EC4D8 /* Products */ = {
			isa = PBXGroup;
			children = (
				B71D3BE91F1E143A007EC4D8 /* ValidationProject.app */,
				B71D3BFD1F1E143B007EC4D8 /* ValidationProjectTests.xctest */,
			);
			name = Products;
			sourceTree = "<group>";
		};
		B71D3BEB1F1E143A007EC4D8 /* ValidationProject */ = {
			isa = PBXGroup;
			children = (
				B71D3BEC1F1E143A007EC4D8 /* AppDelegate.swift */,
				B71D3BEE1F1E143A007EC4D8 /* ViewController.swift */,
				B71D3BF01F1E143A007EC4D8 /* Main.storyboard */,
				B71D3BF31F1E143B007EC4D8 /* Assets.xcassets */,
				B71D3BF51F1E143B007EC4D8 /* LaunchScreen.storyboard */,
				B71D3BF81F1E143B007EC4D8 /* Info.plist */,
			);
			path = ValidationProject;
			sourceTree = "<group>";
		};
		B71D3C001F1E143B007EC4D8 /* ValidationProjectTests */ = {
			isa = PBXGroup;
			children = (
				B71D3C011F1E143B007EC4D8 /* ValidationProjectTests.swift */,
				B71D3C031F1E143B007EC4D8 /* Info.plist */,
			);
			path = ValidationProjectTests;
			sourceTree = "<group>";
		};
/* End PBXGroup section */

/* Begin PBXNativeTarget section */
		B71D3BE81F1E143A007EC4D8 /* ValidationProject */ = {
			isa = PBXNativeTarget;
			buildConfigurationList = B71D3C061F1E143B007EC4D8 /* Build configuration list for PBXNativeTarget "ValidationProject" */;
			buildPhases = (
				B71D3BE51F1E143A007EC4D8 /* Sources */,
				B71D3BE61F1E143A007EC4D8 /* Frameworks */,
				B71D3BE71F1E143A007EC4D8 /* Resources */,
			);
			buildRules = (
			);
			dependencies = (
			);
			name = ValidationProject;
			productName = ValidationProject;
			productReference = B71D3BE91F1E143A007EC4D8 /* ValidationProject.app */;
			productType = "com.apple.product-type.application";
		};
		B71D3BFC1F1E143B007EC4D8 /* ValidationProjectTests */ = {
			isa = PBXNativeTarget;
			buildConfigurationList = B71D3C091F1E143B007EC4D8 /* Build configuration list for PBXNativeTarget "ValidationProjectTests" */;
			buildPhases = (
				B71D3BF91F1E143B007EC4D8 /* Sources */,
				B71D3BFA1F1E143B007EC4D8 /* Frameworks */,
				B71D3BFB1F1E143B007EC4D8 /* Resources */,
			);
			buildRules = (
			);
			dependencies = (
				B71D3BFF1F1E143B007EC4D8 /* PBXTargetDependency */,
			);
			name = ValidationProjectTests;
			productName = ValidationProjectTests;
			productReference = B71D3BFD1F1E143B007EC4D8 /* ValidationProjectTests.xctest */;
			productType = "com.apple.product-type.bundle.unit-test";
		};
/* End PBXNativeTarget section */

/* Begin PBXProject section */
		B71D3BE11F1E143A007EC4D8 /* Project object */ = {
			isa = PBXProject;
			attributes = {
				LastSwiftUpdateCheck = 0830;
				LastUpgradeCheck = 0830;
				ORGANIZATIONNAME = gongyouqiang;
				TargetAttributes = {
					B71D3BE81F1E143A007EC4D8 = {
						CreatedOnToolsVersion = 8.3.3;
						DevelopmentTeam = 229U5KUWGH;
						ProvisioningStyle = Automatic;
					};
					B71D3BFC1F1E143B007EC4D8 = {
						CreatedOnToolsVersion = 8.3.3;
						DevelopmentTeam = 229U5KUWGH;
						ProvisioningStyle = Automatic;
						TestTargetID = B71D3BE81F1E143A007EC4D8;
					};
				};
			};
			buildConfigurationList = B71D3BE41F1E143A007EC4D8 /* Build configuration list for PBXProject "ValidationProject" */;
			compatibilityVersion = "Xcode 3.2";
			developmentRegion = English;
			hasScannedForEncodings = 0;
			knownRegions = (
				en,
				Base,
			);
			mainGroup = B71D3BE01F1E143A007EC4D8;
			productRefGroup = B71D3BEA1F1E143A007EC4D8 /* Products */;
			projectDirPath = "";
			projectRoot = "";
			targets = (
				B71D3BE81F1E143A007EC4D8 /* ValidationProject */,
				B71D3BFC1F1E143B007EC4D8 /* ValidationProjectTests */,
			);
		};
/* End PBXProject section */

/* Begin PBXResourcesBuildPhase section */
		B71D3BE71F1E143A007EC4D8 /* Resources */ = {
			isa = PBXResourcesBuildPhase;
			buildActionMask = 2147483647;
			files = (
				B71D3BF71F1E143B007EC4D8 /* LaunchScreen.storyboard in Resources */,
				B71D3BF41F1E143B007EC4D8 /* Assets.xcassets in Resources */,
				B71D3BF21F1E143A007EC4D8 /* Main.storyboard in Resources */,
			);
			runOnlyForDeploymentPostprocessing = 0;
		};
		B71D3BFB1F1E143B007EC4D8 /* Resources */ = {
			isa = PBXResourcesBuildPhase;
			buildActionMask = 2147483647;
			files = (
			);
			runOnlyForDeploymentPostprocessing = 0;
		};
/* End PBXResourcesBuildPhase section */

/* Begin PBXSourcesBuildPhase section */
		B71D3BE51F1E143A007EC4D8 /* Sources */ = {
			isa = PBXSourcesBuildPhase;
			buildActionMask = 2147483647;
			files = (
				B71D3BEF1F1E143A007EC4D8 /* ViewController.swift in Sources */,
				B71D3BED1F1E143A007EC4D8 /* AppDelegate.swift in Sources */,
			);
			runOnlyForDeploymentPostprocessing = 0;
		};
		B71D3BF91F1E143B007EC4D8 /* Sources */ = {
			isa = PBXSourcesBuildPhase;
			buildActionMask = 2147483647;
			files = (
				B71D3C021F1E143B007EC4D8 /* ValidationProjectTests.swift in Sources */,
			);
			runOnlyForDeploymentPostprocessing = 0;
		};
/* End PBXSourcesBuildPhase section */

/* Begin PBXTargetDependency section */
		B71D3BFF1F1E143B007EC4D8 /* PBXTargetDependency */ = {
			isa = PBXTargetDependency;
			target = B71D3BE81F1E143A007EC4D8 /* ValidationProject */;
			targetProxy = B71D3BFE1F1E143B007EC4D8 /* PBXContainerItemProxy */;
		};
/* End PBXTargetDependency section */

/* Begin PBXVariantGroup section */
		B71D3BF01F1E143A007EC4D8 /* Main.storyboard */ = {
			isa = PBXVariantGroup;
			children = (
				B71D3BF11F1E143A007EC4D8 /* Base */,
			);
			name = Main.storyboard;
			sourceTree = "<group>";
		};
		B71D3BF51F1E143B007EC4D8 /* LaunchScreen.storyboard */ = {
			isa = PBXVariantGroup;
			children = (
				B71D3BF61F1E143B007EC4D8 /* Base */,
			);
			name = LaunchScreen.storyboard;
			sourceTree = "<group>";
		};
/* End PBXVariantGroup section */

/* Begin XCBuildConfiguration section */
		B71D3C041F1E143B007EC4D8 /* Debug */ = {
			isa = XCBuildConfiguration;
			buildSettings = {
				ALWAYS_SEARCH_USER_PATHS = NO;
				CLANG_ANALYZER_NONNULL = YES;
				CLANG_ANALYZER_NUMBER_OBJECT_CONVERSION = YES_AGGRESSIVE;
				CLANG_CXX_LANGUAGE_STANDARD = "gnu++0x";
				CLANG_CXX_LIBRARY = "libc++";
				CLANG_ENABLE_MODULES = YES;
				CLANG_ENABLE_OBJC_ARC = YES;
				CLANG_WARN_BOOL_CONVERSION = YES;
				CLANG_WARN_CONSTANT_CONVERSION = YES;
				CLANG_WARN_DIRECT_OBJC_ISA_USAGE = YES_ERROR;
				CLANG_WARN_DOCUMENTATION_COMMENTS = YES;
				CLANG_WARN_EMPTY_BODY = YES;
				CLANG_WARN_ENUM_CONVERSION = YES;
				CLANG_WARN_INFINITE_RECURSION = YES;
				CLANG_WARN_INT_CONVERSION = YES;
				CLANG_WARN_OBJC_ROOT_CLASS = YES_ERROR;
				CLANG_WARN_SUSPICIOUS_MOVE = YES;
				CLANG_WARN_UNREACHABLE_CODE = YES;
				CLANG_WARN__DUPLICATE_METHOD_MATCH = YES;
				"CODE_SIGN_IDENTITY[sdk=iphoneos*]" = "iPhone Developer";
				COPY_PHASE_STRIP = NO;
				DEBUG_INFORMATION_FORMAT = dwarf;
				ENABLE_STRICT_OBJC_MSGSEND = YES;
				ENABLE_TESTABILITY = YES;
				GCC_C_LANGUAGE_STANDARD = gnu99;
				GCC_DYNAMIC_NO_PIC = NO;
				GCC_NO_COMMON_BLOCKS = YES;
				GCC_OPTIMIZATION_LEVEL = 0;
				GCC_PREPROCESSOR_DEFINITIONS = (
					"DEBUG=1",
					"$(inherited)",
				);
				GCC_WARN_64_TO_32_BIT_CONVERSION = YES;
				GCC_WARN_ABOUT_RETURN_TYPE = YES_ERROR;
				GCC_WARN_UNDECLARED_SELECTOR = YES;
				GCC_WARN_UNINITIALIZED_AUTOS = YES_AGGRESSIVE;
				GCC_WARN_UNUSED_FUNCTION = YES;
				GCC_WARN_UNUSED_VARIABLE = YES;
				IPHONEOS_DEPLOYMENT_TARGET = 10.3;
				MTL_ENABLE_DEBUG_INFO = YES;
				ONLY_ACTIVE_ARCH = YES;
				SDKROOT = iphoneos;
				SWIFT_ACTIVE_COMPILATION_CONDITIONS = DEBUG;
				SWIFT_OPTIMIZATION_LEVEL = "-Onone";
				TARGETED_DEVICE_FAMILY = "1,2";
			};
			name = Debug;
		};
		B71D3C051F1E143B007EC4D8 /* Release */ = {
			isa = XCBuildConfiguration;
			buildSettings = {
				ALWAYS_SEARCH_USER_PATHS = NO;
				CLANG_ANALYZER_NONNULL = YES;
				CLANG_ANALYZER_NUMBER_OBJECT_CONVERSION = YES_AGGRESSIVE;
				CLANG_CXX_LANGUAGE_STANDARD = "gnu++0x";
				CLANG_CXX_LIBRARY = "libc++";
				CLANG_ENABLE_MODULES = YES;
				CLANG_ENABLE_OBJC_ARC = YES;
				CLANG_WARN_BOOL_CONVERSION = YES;
				CLANG_WARN_CONSTANT_CONVERSION = YES;
				CLANG_WARN_DIRECT_OBJC_ISA_USAGE = YES_ERROR;
				CLANG_WARN_DOCUMENTATION_COMMENTS = YES;
				CLANG_WARN_EMPTY_BODY = YES;
				CLANG_WARN_ENUM_CONVERSION = YES;
				CLANG_WARN_INFINITE_RECURSION = YES;
				CLANG_WARN_INT_CONVERSION = YES;
				CLANG_WARN_OBJC_ROOT_CLASS = YES_ERROR;
				CLANG_WARN_SUSPICIOUS_MOVE = YES;
				CLANG_WARN_UNREACHABLE_CODE = YES;
				CLANG_WARN__DUPLICATE_METHOD_MATCH = YES;
				"CODE_SIGN_IDENTITY[sdk=iphoneos*]" = "iPhone Developer";
				COPY_PHASE_STRIP = NO;
				DEBUG_INFORMATION_FORMAT = "dwarf-with-dsym";
				ENABLE_NS_ASSERTIONS = NO;
				ENABLE_STRICT_OBJC_MSGSEND = YES;
				GCC_C_LANGUAGE_STANDARD = gnu99;
				GCC_NO_COMMON_BLOCKS = YES;
				GCC_WARN_64_TO_32_BIT_CONVERSION = YES;
				GCC_WARN_ABOUT_RETURN_TYPE = YES_ERROR;
				GCC_WARN_UNDECLARED_SELECTOR = YES;
				GCC_WARN_UNINITIALIZED_AUTOS = YES_AGGRESSIVE;
				GCC_WARN_UNUSED_FUNCTION = YES;
				GCC_WARN_UNUSED_VARIABLE = YES;
				IPHONEOS_DEPLOYMENT_TARGET = 10.3;
				MTL_ENABLE_DEBUG_INFO = NO;
				SDKROOT = iphoneos;
				SWIFT_OPTIMIZATION_LEVEL = "-Owholemodule";
				TARGETED_DEVICE_FAMILY = "1,2";
				VALIDATE_PRODUCT = YES;
			};
			name = Release;
		};
		B71D3C071F1E143B007EC4D8 /* Debug */ = {
			isa = XCBuildConfiguration;
			buildSettings = {
				ASSETCATALOG_COMPILER_APPICON_NAME = AppIcon;
				DEVELOPMENT_TEAM = 229U5KUWGH;
				INFOPLIST_FILE = ValidationProject/Info.plist;
				LD_RUNPATH_SEARCH_PATHS = "$(inherited) @executable_path/Frameworks";
				PRODUCT_BUNDLE_IDENTIFIER = com.Yochi.ValidationProject;
				PRODUCT_NAME = "$(TARGET_NAME)";
				SWIFT_VERSION = 3.0;
			};
			name = Debug;
		};
		B71D3C081F1E143B007EC4D8 /* Release */ = {
			isa = XCBuildConfiguration;
			buildSettings = {
				ASSETCATALOG_COMPILER_APPICON_NAME = AppIcon;
				DEVELOPMENT_TEAM = 229U5KUWGH;
				INFOPLIST_FILE = ValidationProject/Info.plist;
				LD_RUNPATH_SEARCH_PATHS = "$(inherited) @executable_path/Frameworks";
				PRODUCT_BUNDLE_IDENTIFIER = com.Yochi.ValidationProject;
				PRODUCT_NAME = "$(TARGET_NAME)";
				SWIFT_VERSION = 3.0;
			};
			name = Release;
		};
		B71D3C0A1F1E143B007EC4D8 /* Debug */ = {
			isa = XCBuildConfiguration;
			buildSettings = {
				ALWAYS_EMBED_SWIFT_STANDARD_LIBRARIES = YES;
				BUNDLE_LOADER = "$(TEST_HOST)";
				DEVELOPMENT_TEAM = 229U5KUWGH;
				INFOPLIST_FILE = ValidationProjectTests/Info.plist;
				LD_RUNPATH_SEARCH_PATHS = "$(inherited) @executable_path/Frameworks @loader_path/Frameworks";
				PRODUCT_BUNDLE_IDENTIFIER = com.Yochi.ValidationProjectTests;
				PRODUCT_NAME = "$(TARGET_NAME)";
				SWIFT_VERSION = 3.0;
				TEST_HOST = "$(BUILT_PRODUCTS_DIR)/ValidationProject.app/ValidationProject";
			};
			name = Debug;
		};
		B71D3C0B1F1E143B007EC4D8 /* Release */ = {
			isa = XCBuildConfiguration;
			buildSettings = {
				ALWAYS_EMBED_SWIFT_STANDARD_LIBRARIES = YES;
				BUNDLE_LOADER = "$(TEST_HOST)";
				DEVELOPMENT_TEAM = 229U5KUWGH;
				INFOPLIST_FILE = ValidationProjectTests/Info.plist;
				LD_RUNPATH_SEARCH_PATHS = "$(inherited) @executable_path/Frameworks @loader_path/Frameworks";
				PRODUCT_BUNDLE_IDENTIFIER = com.Yochi.ValidationProjectTests;
				PRODUCT_NAME = "$(TARGET_NAME)";
				SWIFT_VERSION = 3.0;
				TEST_HOST = "$(BUILT_PRODUCTS_DIR)/ValidationProject.app/ValidationProject";
			};
			name = Release;
		};
/* End XCBuildConfiguration section */

/* Begin XCConfigurationList section */
		B71D3BE41F1E143A007EC4D8 /* Build configuration list for PBXProject "ValidationProject" */ = {
			isa = XCConfigurationList;
			buildConfigurations = (
				B71D3C041F1E143B007EC4D8 /* Debug */,
				B71D3C051F1E143B007EC4D8 /* Release */,
			);
			defaultConfigurationIsVisible = 0;
			defaultConfigurationName = Release;
		};
		B71D3C061F1E143B007EC4D8 /* Build configuration list for PBXNativeTarget "ValidationProject" */ = {
			isa = XCConfigurationList;
			buildConfigurations = (
				B71D3C071F1E143B007EC4D8 /* Debug */,
				B71D3C081F1E143B007EC4D8 /* Release */,
			);
			defaultConfigurationIsVisible = 0;
		};
		B71D3C091F1E143B007EC4D8 /* Build configuration list for PBXNativeTarget "ValidationProjectTests" */ = {
			isa = XCConfigurationList;
			buildConfigurations = (
				B71D3C0A1F1E143B007EC4D8 /* Debug */,
				B71D3C0B1F1E143B007EC4D8 /* Release */,
			);
			defaultConfigurationIsVisible = 0;
		};
/* End XCConfigurationList section */
	};
	rootObject = B71D3BE11F1E143A007EC4D8 /* Project object */;
}
